
Microsoft Visual Studio Solution File, Format Version 12.00
# Visual Studio 2013
VisualStudioVersion = 12.0.31101.0
MinimumVisualStudioVersion = 10.0.40219.1
Project("{FAE04EC0-301F-11D3-BF4B-00C04F79EFBC}") = "Simple Game Saver", "Simple Game Saver\Simple Game Saver.csproj", "{1690E012-6B1A-43BE-8778-6B6DBE14F422}"
EndProject
Project("{FAE04EC0-301F-11D3-BF4B-00C04F79EFBC}") = "DebugSystem", "DebugSystem\DebugSystem.csproj", "{393D154F-B782-4530-BAE3-58F9A5DBF62E}"
EndProject
Global
	GlobalSection(SolutionConfigurationPlatforms) = preSolution
		Debug|Any CPU = Debug|Any CPU
		Release|Any CPU = Release|Any CPU
	EndGlobalSection
	GlobalSection(ProjectConfigurationPlatforms) = postSolution
		{1690E012-6B1A-43BE-8778-6B6DBE14F422}.Debug|Any CPU.ActiveCfg = Debug|Any CPU
		{1690E012-6B1A-43BE-8778-6B6DBE14F422}.Debug|Any CPU.Build.0 = Debug|Any CPU
		{1690E012-6B1A-43BE-8778-6B6DBE14F422}.Release|Any CPU.ActiveCfg = Release|Any CPU
		{1690E012-6B1A-43BE-8778-6B6DBE14F422}.Release|Any CPU.Build.0 = Release|Any CPU
		{393D154F-B782-4530-BAE3-58F9A5DBF62E}.Debug|Any CPU.ActiveCfg = Debug|Any CPU
		{393D154F-B782-4530-BAE3-58F9A5DBF62E}.Debug|Any CPU.Build.0 = Debug|Any CPU
		{393D154F-B782-4530-BAE3-58F9A5DBF62E}.Release|Any CPU.ActiveCfg = Release|Any CPU
		{393D154F-B782-4530-BAE3-58F9A5DBF62E}.Release|Any CPU.Build.0 = Release|Any CPU
	EndGlobalSection
	GlobalSection(SolutionProperties) = preSolution
		HideSolutionNode = FALSE
	EndGlobalSection
EndGlobal
